
Microsoft Visual Studio Solution File, Format Version 12.00
# Visual Studio 2013
VisualStudioVersion = 12.0.30501.0
MinimumVisualStudioVersion = 10.0.40219.1
Project("{FAE04EC0-301F-11D3-BF4B-00C04F79EFBC}") = "CrawlerTest", "CrawlerTest\CrawlerTest.csproj", "{D1952C5C-21A9-412E-B9D7-04151B586F3A}"
EndProject
Project("{FAE04EC0-301F-11D3-BF4B-00C04F79EFBC}") = "Yggdrasil Lore Crawler", "..\Yggdrasil Lore Crawler\Yggdrasil Lore Crawler\Yggdrasil Lore Crawler.csproj", "{9991479A-6F9E-4F96-B711-946EF2FF2A8B}"
EndProject
Project("{FAE04EC0-301F-11D3-BF4B-00C04F79EFBC}") = "Yggdrasil Lore Indexer", "..\Yggdrasil Lore Indexer\Yggdrasil Lore Indexer.csproj", "{C8C2103B-56FC-45DC-8723-26755A5AD9BC}"
EndProject
Project("{FAE04EC0-301F-11D3-BF4B-00C04F79EFBC}") = "Yggdrasil Lore Ranker", "Yggdrasil Lore Ranker\Yggdrasil Lore Ranker.csproj", "{C09B6612-14B0-4388-BB0A-0B36DF09EDC8}"
EndProject
Global
	GlobalSection(SolutionConfigurationPlatforms) = preSolution
		Debug|Any CPU = Debug|Any CPU
		Release|Any CPU = Release|Any CPU
	EndGlobalSection
	GlobalSection(ProjectConfigurationPlatforms) = postSolution
		{D1952C5C-21A9-412E-B9D7-04151B586F3A}.Debug|Any CPU.ActiveCfg = Debug|Any CPU
		{D1952C5C-21A9-412E-B9D7-04151B586F3A}.Debug|Any CPU.Build.0 = Debug|Any CPU
		{D1952C5C-21A9-412E-B9D7-04151B586F3A}.Release|Any CPU.ActiveCfg = Release|Any CPU
		{D1952C5C-21A9-412E-B9D7-04151B586F3A}.Release|Any CPU.Build.0 = Release|Any CPU
		{9991479A-6F9E-4F96-B711-946EF2FF2A8B}.Debug|Any CPU.ActiveCfg = Debug|Any CPU
		{9991479A-6F9E-4F96-B711-946EF2FF2A8B}.Debug|Any CPU.Build.0 = Debug|Any CPU
		{9991479A-6F9E-4F96-B711-946EF2FF2A8B}.Release|Any CPU.ActiveCfg = Release|Any CPU
		{9991479A-6F9E-4F96-B711-946EF2FF2A8B}.Release|Any CPU.Build.0 = Release|Any CPU
		{C8C2103B-56FC-45DC-8723-26755A5AD9BC}.Debug|Any CPU.ActiveCfg = Debug|Any CPU
		{C8C2103B-56FC-45DC-8723-26755A5AD9BC}.Debug|Any CPU.Build.0 = Debug|Any CPU
		{C8C2103B-56FC-45DC-8723-26755A5AD9BC}.Release|Any CPU.ActiveCfg = Release|Any CPU
		{C8C2103B-56FC-45DC-8723-26755A5AD9BC}.Release|Any CPU.Build.0 = Release|Any CPU
		{C09B6612-14B0-4388-BB0A-0B36DF09EDC8}.Debug|Any CPU.ActiveCfg = Debug|Any CPU
		{C09B6612-14B0-4388-BB0A-0B36DF09EDC8}.Debug|Any CPU.Build.0 = Debug|Any CPU
		{C09B6612-14B0-4388-BB0A-0B36DF09EDC8}.Release|Any CPU.ActiveCfg = Release|Any CPU
		{C09B6612-14B0-4388-BB0A-0B36DF09EDC8}.Release|Any CPU.Build.0 = Release|Any CPU
	EndGlobalSection
	GlobalSection(SolutionProperties) = preSolution
		HideSolutionNode = FALSE
	EndGlobalSection
EndGlobal
